
Microsoft Visual Studio Solution File, Format Version 12.00
Project("{2150E333-8FDC-42A3-9474-1A3956D46DE8}") = "src", "src", "{8F91221E-6E11-4BB6-9345-369149EED02D}"
EndProject
Project("{FAE04EC0-301F-11D3-BF4B-00C04F79EFBC}") = "Discounts.Domain", "Discounts.Domain\Discounts.Domain.csproj", "{8611DE76-AB74-4BF9-ACA2-26B8089738BE}"
EndProject
Project("{FAE04EC0-301F-11D3-BF4B-00C04F79EFBC}") = "Discounts.Application", "Discounts.Application\Discounts.Application.csproj", "{14ED9A9A-DABB-4C8D-91ED-ED3145FFD795}"
EndProject
Project("{FAE04EC0-301F-11D3-BF4B-00C04F79EFBC}") = "Discounts.Persistence", "Discounts.Persistence\Discounts.Persistence.csproj", "{44298C7C-1232-4CC2-AD6B-0236A0991718}"
EndProject
Project("{FAE04EC0-301F-11D3-BF4B-00C04F79EFBC}") = "Discounts.Infrastructure", "Discounts.Infrastructure\Discounts.Infrastructure.csproj", "{42C07866-0B90-40FD-8AA6-B7FC569EA5B3}"
EndProject
Project("{FAE04EC0-301F-11D3-BF4B-00C04F79EFBC}") = "Discounts.API", "Discounts.API\Discounts.API.csproj", "{882AD72F-CB85-49D7-B63B-8C54355862FD}"
EndProject
Project("{FAE04EC0-301F-11D3-BF4B-00C04F79EFBC}") = "Discounts.MVC", "Discounts.MVC\Discounts.MVC.csproj", "{33803398-15F6-4285-AD84-24C330140E00}"
EndProject
Project("{FAE04EC0-301F-11D3-BF4B-00C04F79EFBC}") = "Discounts.Worker", "Discounts.Worker\Discounts.Worker.csproj", "{483D2EF4-E52F-42C9-8BE2-168106D97479}"
EndProject
Global
	GlobalSection(SolutionConfigurationPlatforms) = preSolution
		Debug|Any CPU = Debug|Any CPU
		Release|Any CPU = Release|Any CPU
	EndGlobalSection
	GlobalSection(ProjectConfigurationPlatforms) = postSolution
		{8611DE76-AB74-4BF9-ACA2-26B8089738BE}.Debug|Any CPU.ActiveCfg = Debug|Any CPU
		{8611DE76-AB74-4BF9-ACA2-26B8089738BE}.Debug|Any CPU.Build.0 = Debug|Any CPU
		{8611DE76-AB74-4BF9-ACA2-26B8089738BE}.Release|Any CPU.ActiveCfg = Release|Any CPU
		{8611DE76-AB74-4BF9-ACA2-26B8089738BE}.Release|Any CPU.Build.0 = Release|Any CPU
		{14ED9A9A-DABB-4C8D-91ED-ED3145FFD795}.Debug|Any CPU.ActiveCfg = Debug|Any CPU
		{14ED9A9A-DABB-4C8D-91ED-ED3145FFD795}.Debug|Any CPU.Build.0 = Debug|Any CPU
		{14ED9A9A-DABB-4C8D-91ED-ED3145FFD795}.Release|Any CPU.ActiveCfg = Release|Any CPU
		{14ED9A9A-DABB-4C8D-91ED-ED3145FFD795}.Release|Any CPU.Build.0 = Release|Any CPU
		{44298C7C-1232-4CC2-AD6B-0236A0991718}.Debug|Any CPU.ActiveCfg = Debug|Any CPU
		{44298C7C-1232-4CC2-AD6B-0236A0991718}.Debug|Any CPU.Build.0 = Debug|Any CPU
		{44298C7C-1232-4CC2-AD6B-0236A0991718}.Release|Any CPU.ActiveCfg = Release|Any CPU
		{44298C7C-1232-4CC2-AD6B-0236A0991718}.Release|Any CPU.Build.0 = Release|Any CPU
		{42C07866-0B90-40FD-8AA6-B7FC569EA5B3}.Debug|Any CPU.ActiveCfg = Debug|Any CPU
		{42C07866-0B90-40FD-8AA6-B7FC569EA5B3}.Debug|Any CPU.Build.0 = Debug|Any CPU
		{42C07866-0B90-40FD-8AA6-B7FC569EA5B3}.Release|Any CPU.ActiveCfg = Release|Any CPU
		{42C07866-0B90-40FD-8AA6-B7FC569EA5B3}.Release|Any CPU.Build.0 = Release|Any CPU
		{882AD72F-CB85-49D7-B63B-8C54355862FD}.Debug|Any CPU.ActiveCfg = Debug|Any CPU
		{882AD72F-CB85-49D7-B63B-8C54355862FD}.Debug|Any CPU.Build.0 = Debug|Any CPU
		{882AD72F-CB85-49D7-B63B-8C54355862FD}.Release|Any CPU.ActiveCfg = Release|Any CPU
		{882AD72F-CB85-49D7-B63B-8C54355862FD}.Release|Any CPU.Build.0 = Release|Any CPU
		{33803398-15F6-4285-AD84-24C330140E00}.Debug|Any CPU.ActiveCfg = Debug|Any CPU
		{33803398-15F6-4285-AD84-24C330140E00}.Debug|Any CPU.Build.0 = Debug|Any CPU
		{33803398-15F6-4285-AD84-24C330140E00}.Release|Any CPU.ActiveCfg = Release|Any CPU
		{33803398-15F6-4285-AD84-24C330140E00}.Release|Any CPU.Build.0 = Release|Any CPU
		{483D2EF4-E52F-42C9-8BE2-168106D97479}.Debug|Any CPU.ActiveCfg = Debug|Any CPU
		{483D2EF4-E52F-42C9-8BE2-168106D97479}.Debug|Any CPU.Build.0 = Debug|Any CPU
		{483D2EF4-E52F-42C9-8BE2-168106D97479}.Release|Any CPU.ActiveCfg = Release|Any CPU
		{483D2EF4-E52F-42C9-8BE2-168106D97479}.Release|Any CPU.Build.0 = Release|Any CPU
	EndGlobalSection
	GlobalSection(NestedProjects) = preSolution
		{8611DE76-AB74-4BF9-ACA2-26B8089738BE} = {8F91221E-6E11-4BB6-9345-369149EED02D}
		{14ED9A9A-DABB-4C8D-91ED-ED3145FFD795} = {8F91221E-6E11-4BB6-9345-369149EED02D}
		{44298C7C-1232-4CC2-AD6B-0236A0991718} = {8F91221E-6E11-4BB6-9345-369149EED02D}
		{42C07866-0B90-40FD-8AA6-B7FC569EA5B3} = {8F91221E-6E11-4BB6-9345-369149EED02D}
		{882AD72F-CB85-49D7-B63B-8C54355862FD} = {8F91221E-6E11-4BB6-9345-369149EED02D}
		{33803398-15F6-4285-AD84-24C330140E00} = {8F91221E-6E11-4BB6-9345-369149EED02D}
		{483D2EF4-E52F-42C9-8BE2-168106D97479} = {8F91221E-6E11-4BB6-9345-369149EED02D}
	EndGlobalSection
EndGlobal
